
Microsoft Visual Studio Solution File, Format Version 12.00
# Visual Studio Version 17
VisualStudioVersion = 17.0.31903.59
MinimumVisualStudioVersion = 10.0.40219.1
Project("{2150E333-8FDC-42A3-9474-1A3956D46DE8}") = "src", "src", "{827E0CD3-B72D-47B6-A68D-7590B98EB39B}"
EndProject
Project("{2150E333-8FDC-42A3-9474-1A3956D46DE8}") = "Gateway", "Gateway", "{6306A8FB-679E-111F-6585-8F70E0EE6013}"
EndProject
Project("{FAE04EC0-301F-11D3-BF4B-00C04F79EFBC}") = "SmartLogistics.Gateway", "src\Gateway\SmartLogistics.Gateway\SmartLogistics.Gateway.csproj", "{C60E2975-685D-4760-A40C-5F60383360C6}"
EndProject
Project("{2150E333-8FDC-42A3-9474-1A3956D46DE8}") = "Services", "Services", "{984BB9B3-3FA3-BE33-9484-CAC21695A33C}"
EndProject
Project("{2150E333-8FDC-42A3-9474-1A3956D46DE8}") = "Shipment", "Shipment", "{180A20D8-F96B-90BD-E113-321440D7588D}"
EndProject
Project("{FAE04EC0-301F-11D3-BF4B-00C04F79EFBC}") = "SmartLogistics.Shipment.Api", "src\Services\Shipment\SmartLogistics.Shipment.Api\SmartLogistics.Shipment.Api.csproj", "{5C28A514-CFE9-4E5A-B0BC-223614320B7C}"
EndProject
Project("{2150E333-8FDC-42A3-9474-1A3956D46DE8}") = "Tariff", "Tariff", "{7D921B60-7249-C9E9-DFE0-7BE44A19714E}"
EndProject
Project("{FAE04EC0-301F-11D3-BF4B-00C04F79EFBC}") = "SmartLogistics.Tariff.Api", "src\Services\Tariff\SmartLogistics.Tariff.Api\SmartLogistics.Tariff.Api.csproj", "{9017A183-025B-463E-9485-BA36C4AB4A07}"
EndProject
Project("{2150E333-8FDC-42A3-9474-1A3956D46DE8}") = "Billing", "Billing", "{4C902802-2FC6-EF27-4074-A21717AF62F0}"
EndProject
Project("{FAE04EC0-301F-11D3-BF4B-00C04F79EFBC}") = "SmartLogistics.Billing.Api", "src\Services\Billing\SmartLogistics.Billing.Api\SmartLogistics.Billing.Api.csproj", "{B1EA2CCD-D2FC-430E-853B-6FDA5436C0EA}"
EndProject
Project("{2150E333-8FDC-42A3-9474-1A3956D46DE8}") = "Notification", "Notification", "{C5FBE174-8E0F-F5A3-B929-8BD0C55C0A32}"
EndProject
Project("{FAE04EC0-301F-11D3-BF4B-00C04F79EFBC}") = "SmartLogistics.Notification.Api", "src\Services\Notification\SmartLogistics.Notification.Api\SmartLogistics.Notification.Api.csproj", "{27ECBA8A-009F-406E-B404-87C50DFA24D0}"
EndProject
Project("{2150E333-8FDC-42A3-9474-1A3956D46DE8}") = "Shared", "Shared", "{C8E42992-5E42-0C2B-DBFE-AA848D06431C}"
EndProject
Project("{FAE04EC0-301F-11D3-BF4B-00C04F79EFBC}") = "SmartLogistics.Shared", "src\Shared\SmartLogistics.Shared\SmartLogistics.Shared.csproj", "{BABD991B-DD5B-4670-8783-B3313D0076C6}"
EndProject
Global
	GlobalSection(SolutionConfigurationPlatforms) = preSolution
		Debug|Any CPU = Debug|Any CPU
		Debug|x64 = Debug|x64
		Debug|x86 = Debug|x86
		Release|Any CPU = Release|Any CPU
		Release|x64 = Release|x64
		Release|x86 = Release|x86
	EndGlobalSection
	GlobalSection(ProjectConfigurationPlatforms) = postSolution
		{C60E2975-685D-4760-A40C-5F60383360C6}.Debug|Any CPU.ActiveCfg = Debug|Any CPU
		{C60E2975-685D-4760-A40C-5F60383360C6}.Debug|Any CPU.Build.0 = Debug|Any CPU
		{C60E2975-685D-4760-A40C-5F60383360C6}.Debug|x64.ActiveCfg = Debug|Any CPU
		{C60E2975-685D-4760-A40C-5F60383360C6}.Debug|x64.Build.0 = Debug|Any CPU
		{C60E2975-685D-4760-A40C-5F60383360C6}.Debug|x86.ActiveCfg = Debug|Any CPU
		{C60E2975-685D-4760-A40C-5F60383360C6}.Debug|x86.Build.0 = Debug|Any CPU
		{C60E2975-685D-4760-A40C-5F60383360C6}.Release|Any CPU.ActiveCfg = Release|Any CPU
		{C60E2975-685D-4760-A40C-5F60383360C6}.Release|Any CPU.Build.0 = Release|Any CPU
		{C60E2975-685D-4760-A40C-5F60383360C6}.Release|x64.ActiveCfg = Release|Any CPU
		{C60E2975-685D-4760-A40C-5F60383360C6}.Release|x64.Build.0 = Release|Any CPU
		{C60E2975-685D-4760-A40C-5F60383360C6}.Release|x86.ActiveCfg = Release|Any CPU
		{C60E2975-685D-4760-A40C-5F60383360C6}.Release|x86.Build.0 = Release|Any CPU
		{5C28A514-CFE9-4E5A-B0BC-223614320B7C}.Debug|Any CPU.ActiveCfg = Debug|Any CPU
		{5C28A514-CFE9-4E5A-B0BC-223614320B7C}.Debug|Any CPU.Build.0 = Debug|Any CPU
		{5C28A514-CFE9-4E5A-B0BC-223614320B7C}.Debug|x64.ActiveCfg = Debug|Any CPU
		{5C28A514-CFE9-4E5A-B0BC-223614320B7C}.Debug|x64.Build.0 = Debug|Any CPU
		{5C28A514-CFE9-4E5A-B0BC-223614320B7C}.Debug|x86.ActiveCfg = Debug|Any CPU
		{5C28A514-CFE9-4E5A-B0BC-223614320B7C}.Debug|x86.Build.0 = Debug|Any CPU
		{5C28A514-CFE9-4E5A-B0BC-223614320B7C}.Release|Any CPU.ActiveCfg = Release|Any CPU
		{5C28A514-CFE9-4E5A-B0BC-223614320B7C}.Release|Any CPU.Build.0 = Release|Any CPU
		{5C28A514-CFE9-4E5A-B0BC-223614320B7C}.Release|x64.ActiveCfg = Release|Any CPU
		{5C28A514-CFE9-4E5A-B0BC-223614320B7C}.Release|x64.Build.0 = Release|Any CPU
		{5C28A514-CFE9-4E5A-B0BC-223614320B7C}.Release|x86.ActiveCfg = Release|Any CPU
		{5C28A514-CFE9-4E5A-B0BC-223614320B7C}.Release|x86.Build.0 = Release|Any CPU
		{9017A183-025B-463E-9485-BA36C4AB4A07}.Debug|Any CPU.ActiveCfg = Debug|Any CPU
		{9017A183-025B-463E-9485-BA36C4AB4A07}.Debug|Any CPU.Build.0 = Debug|Any CPU
		{9017A183-025B-463E-9485-BA36C4AB4A07}.Debug|x64.ActiveCfg = Debug|Any CPU
		{9017A183-025B-463E-9485-BA36C4AB4A07}.Debug|x64.Build.0 = Debug|Any CPU
		{9017A183-025B-463E-9485-BA36C4AB4A07}.Debug|x86.ActiveCfg = Debug|Any CPU
		{9017A183-025B-463E-9485-BA36C4AB4A07}.Debug|x86.Build.0 = Debug|Any CPU
		{9017A183-025B-463E-9485-BA36C4AB4A07}.Release|Any CPU.ActiveCfg = Release|Any CPU
		{9017A183-025B-463E-9485-BA36C4AB4A07}.Release|Any CPU.Build.0 = Release|Any CPU
		{9017A183-025B-463E-9485-BA36C4AB4A07}.Release|x64.ActiveCfg = Release|Any CPU
		{9017A183-025B-463E-9485-BA36C4AB4A07}.Release|x64.Build.0 = Release|Any CPU
		{9017A183-025B-463E-9485-BA36C4AB4A07}.Release|x86.ActiveCfg = Release|Any CPU
		{9017A183-025B-463E-9485-BA36C4AB4A07}.Release|x86.Build.0 = Release|Any CPU
		{B1EA2CCD-D2FC-430E-853B-6FDA5436C0EA}.Debug|Any CPU.ActiveCfg = Debug|Any CPU
		{B1EA2CCD-D2FC-430E-853B-6FDA5436C0EA}.Debug|Any CPU.Build.0 = Debug|Any CPU
		{B1EA2CCD-D2FC-430E-853B-6FDA5436C0EA}.Debug|x64.ActiveCfg = Debug|Any CPU
		{B1EA2CCD-D2FC-430E-853B-6FDA5436C0EA}.Debug|x64.Build.0 = Debug|Any CPU
		{B1EA2CCD-D2FC-430E-853B-6FDA5436C0EA}.Debug|x86.ActiveCfg = Debug|Any CPU
		{B1EA2CCD-D2FC-430E-853B-6FDA5436C0EA}.Debug|x86.Build.0 = Debug|Any CPU
		{B1EA2CCD-D2FC-430E-853B-6FDA5436C0EA}.Release|Any CPU.ActiveCfg = Release|Any CPU
		{B1EA2CCD-D2FC-430E-853B-6FDA5436C0EA}.Release|Any CPU.Build.0 = Release|Any CPU
		{B1EA2CCD-D2FC-430E-853B-6FDA5436C0EA}.Release|x64.ActiveCfg = Release|Any CPU
		{B1EA2CCD-D2FC-430E-853B-6FDA5436C0EA}.Release|x64.Build.0 = Release|Any CPU
		{B1EA2CCD-D2FC-430E-853B-6FDA5436C0EA}.Release|x86.ActiveCfg = Release|Any CPU
		{B1EA2CCD-D2FC-430E-853B-6FDA5436C0EA}.Release|x86.Build.0 = Release|Any CPU
		{27ECBA8A-009F-406E-B404-87C50DFA24D0}.Debug|Any CPU.ActiveCfg = Debug|Any CPU
		{27ECBA8A-009F-406E-B404-87C50DFA24D0}.Debug|Any CPU.Build.0 = Debug|Any CPU
		{27ECBA8A-009F-406E-B404-87C50DFA24D0}.Debug|x64.ActiveCfg = Debug|Any CPU
		{27ECBA8A-009F-406E-B404-87C50DFA24D0}.Debug|x64.Build.0 = Debug|Any CPU
		{27ECBA8A-009F-406E-B404-87C50DFA24D0}.Debug|x86.ActiveCfg = Debug|Any CPU
		{27ECBA8A-009F-406E-B404-87C50DFA24D0}.Debug|x86.Build.0 = Debug|Any CPU
		{27ECBA8A-009F-406E-B404-87C50DFA24D0}.Release|Any CPU.ActiveCfg = Release|Any CPU
		{27ECBA8A-009F-406E-B404-87C50DFA24D0}.Release|Any CPU.Build.0 = Release|Any CPU
		{27ECBA8A-009F-406E-B404-87C50DFA24D0}.Release|x64.ActiveCfg = Release|Any CPU
		{27ECBA8A-009F-406E-B404-87C50DFA24D0}.Release|x64.Build.0 = Release|Any CPU
		{27ECBA8A-009F-406E-B404-87C50DFA24D0}.Release|x86.ActiveCfg = Release|Any CPU
		{27ECBA8A-009F-406E-B404-87C50DFA24D0}.Release|x86.Build.0 = Release|Any CPU
		{BABD991B-DD5B-4670-8783-B3313D0076C6}.Debug|Any CPU.ActiveCfg = Debug|Any CPU
		{BABD991B-DD5B-4670-8783-B3313D0076C6}.Debug|Any CPU.Build.0 = Debug|Any CPU
		{BABD991B-DD5B-4670-8783-B3313D0076C6}.Debug|x64.ActiveCfg = Debug|Any CPU
		{BABD991B-DD5B-4670-8783-B3313D0076C6}.Debug|x64.Build.0 = Debug|Any CPU
		{BABD991B-DD5B-4670-8783-B3313D0076C6}.Debug|x86.ActiveCfg = Debug|Any CPU
		{BABD991B-DD5B-4670-8783-B3313D0076C6}.Debug|x86.Build.0 = Debug|Any CPU
		{BABD991B-DD5B-4670-8783-B3313D0076C6}.Release|Any CPU.ActiveCfg = Release|Any CPU
		{BABD991B-DD5B-4670-8783-B3313D0076C6}.Release|Any CPU.Build.0 = Release|Any CPU
		{BABD991B-DD5B-4670-8783-B3313D0076C6}.Release|x64.ActiveCfg = Release|Any CPU
		{BABD991B-DD5B-4670-8783-B3313D0076C6}.Release|x64.Build.0 = Release|Any CPU
		{BABD991B-DD5B-4670-8783-B3313D0076C6}.Release|x86.ActiveCfg = Release|Any CPU
		{BABD991B-DD5B-4670-8783-B3313D0076C6}.Release|x86.Build.0 = Release|Any CPU
	EndGlobalSection
	GlobalSection(SolutionProperties) = preSolution
		HideSolutionNode = FALSE
	EndGlobalSection
	GlobalSection(NestedProjects) = preSolution
		{6306A8FB-679E-111F-6585-8F70E0EE6013} = {827E0CD3-B72D-47B6-A68D-7590B98EB39B}
		{C60E2975-685D-4760-A40C-5F60383360C6} = {6306A8FB-679E-111F-6585-8F70E0EE6013}
		{984BB9B3-3FA3-BE33-9484-CAC21695A33C} = {827E0CD3-B72D-47B6-A68D-7590B98EB39B}
		{180A20D8-F96B-90BD-E113-321440D7588D} = {984BB9B3-3FA3-BE33-9484-CAC21695A33C}
		{5C28A514-CFE9-4E5A-B0BC-223614320B7C} = {180A20D8-F96B-90BD-E113-321440D7588D}
		{7D921B60-7249-C9E9-DFE0-7BE44A19714E} = {984BB9B3-3FA3-BE33-9484-CAC21695A33C}
		{9017A183-025B-463E-9485-BA36C4AB4A07} = {7D921B60-7249-C9E9-DFE0-7BE44A19714E}
		{4C902802-2FC6-EF27-4074-A21717AF62F0} = {984BB9B3-3FA3-BE33-9484-CAC21695A33C}
		{B1EA2CCD-D2FC-430E-853B-6FDA5436C0EA} = {4C902802-2FC6-EF27-4074-A21717AF62F0}
		{C5FBE174-8E0F-F5A3-B929-8BD0C55C0A32} = {984BB9B3-3FA3-BE33-9484-CAC21695A33C}
		{27ECBA8A-009F-406E-B404-87C50DFA24D0} = {C5FBE174-8E0F-F5A3-B929-8BD0C55C0A32}
		{C8E42992-5E42-0C2B-DBFE-AA848D06431C} = {827E0CD3-B72D-47B6-A68D-7590B98EB39B}
		{BABD991B-DD5B-4670-8783-B3313D0076C6} = {C8E42992-5E42-0C2B-DBFE-AA848D06431C}
	EndGlobalSection
EndGlobal
